
Microsoft Visual Studio Solution File, Format Version 11.00
# Visual Studio 2010
Project("{FAE04EC0-301F-11D3-BF4B-00C04F79EFBC}") = "Vindinium", "Vindinium\Vindinium.csproj", "{D92489E7-49E9-4D1B-8E01-FB69223E0BE3}"
EndProject
Global
	GlobalSection(SolutionConfigurationPlatforms) = preSolution
		Debug|x86 = Debug|x86
		Release|x86 = Release|x86
	EndGlobalSection
	GlobalSection(ProjectConfigurationPlatforms) = postSolution
		{D92489E7-49E9-4D1B-8E01-FB69223E0BE3}.Debug|x86.ActiveCfg = Debug|Any CPU
		{D92489E7-49E9-4D1B-8E01-FB69223E0BE3}.Release|x86.ActiveCfg = Release|Any CPU
	EndGlobalSection
	GlobalSection(SolutionProperties) = preSolution
		HideSolutionNode = FALSE
	EndGlobalSection
EndGlobal
